// !$*UTF8*$!
{
	archiveVersion = 1;
	classes = {
	};
	objectVersion = 56;
	objects = {

/* Begin PBXBuildFile section */
		6A24E17B2BC2F587007F02E2 /* Characters.swift in Sources */ = {isa = PBXBuildFile; fileRef = 6A24E17A2BC2F587007F02E2 /* Characters.swift */; };
		6A24E17F2BC2F62C007F02E2 /* APIError.swift in Sources */ = {isa = PBXBuildFile; fileRef = 6A24E17E2BC2F62C007F02E2 /* APIError.swift */; };
		6A24E1822BC2F816007F02E2 /* GenericAPI.swift in Sources */ = {isa = PBXBuildFile; fileRef = 6A24E1812BC2F816007F02E2 /* GenericAPI.swift */; };
		6A24E1842BC2FA17007F02E2 /* Client.swift in Sources */ = {isa = PBXBuildFile; fileRef = 6A24E1832BC2FA17007F02E2 /* Client.swift */; };
		6A24E1882BC2FA9C007F02E2 /* HomeViewModel.swift in Sources */ = {isa = PBXBuildFile; fileRef = 6A24E1872BC2FA9C007F02E2 /* HomeViewModel.swift */; };
		6A24E18B2BC30011007F02E2 /* HomeView.swift in Sources */ = {isa = PBXBuildFile; fileRef = 6A24E18A2BC30011007F02E2 /* HomeView.swift */; };
		6A24E18D2BC3D1B0007F02E2 /* HomeViewCell.swift in Sources */ = {isa = PBXBuildFile; fileRef = 6A24E18C2BC3D1B0007F02E2 /* HomeViewCell.swift */; };
		6A421CD92BE7BE8F007C2229 /* UIImage+Extension.swift in Sources */ = {isa = PBXBuildFile; fileRef = 6A421CD82BE7BE8F007C2229 /* UIImage+Extension.swift */; };
		6A53BA232BE7DB0100C52E6D /* LocationView.swift in Sources */ = {isa = PBXBuildFile; fileRef = 6A53BA222BE7DB0100C52E6D /* LocationView.swift */; };
		6A53BA252BE7E8B000C52E6D /* CharactersView.swift in Sources */ = {isa = PBXBuildFile; fileRef = 6A53BA242BE7E8B000C52E6D /* CharactersView.swift */; };
		6A53BA292BE7E93800C52E6D /* EpisodesView.swift in Sources */ = {isa = PBXBuildFile; fileRef = 6A53BA282BE7E93800C52E6D /* EpisodesView.swift */; };
		6A53BA2B2BE7F09100C52E6D /* LocationDetailView.swift in Sources */ = {isa = PBXBuildFile; fileRef = 6A53BA2A2BE7F09100C52E6D /* LocationDetailView.swift */; };
		6A53BA2D2BE805C500C52E6D /* CharactersDetailView.swift in Sources */ = {isa = PBXBuildFile; fileRef = 6A53BA2C2BE805C500C52E6D /* CharactersDetailView.swift */; };
		6A70264C2BC2817800136F9F /* RickAndMortyWebMiningApp.swift in Sources */ = {isa = PBXBuildFile; fileRef = 6A70264B2BC2817800136F9F /* RickAndMortyWebMiningApp.swift */; };
		6A7026502BC2817900136F9F /* Assets.xcassets in Resources */ = {isa = PBXBuildFile; fileRef = 6A70264F2BC2817900136F9F /* Assets.xcassets */; };
		6A7026532BC2817900136F9F /* Preview Assets.xcassets in Resources */ = {isa = PBXBuildFile; fileRef = 6A7026522BC2817900136F9F /* Preview Assets.xcassets */; };
		6A70265D2BC281FF00136F9F /* NetworkManager.swift in Sources */ = {isa = PBXBuildFile; fileRef = 6A70265C2BC281FF00136F9F /* NetworkManager.swift */; };
		6AD9562E2BE7C69A0089C750 /* Color+Extension.swift in Sources */ = {isa = PBXBuildFile; fileRef = 6AD9562D2BE7C69A0089C750 /* Color+Extension.swift */; };
		6AD956342BE7D5150089C750 /* LocationsViewModel.swift in Sources */ = {isa = PBXBuildFile; fileRef = 6AD956332BE7D5150089C750 /* LocationsViewModel.swift */; };
		6AD956362BE7D5FD0089C750 /* Locations.swift in Sources */ = {isa = PBXBuildFile; fileRef = 6AD956352BE7D5FD0089C750 /* Locations.swift */; };
/* End PBXBuildFile section */

/* Begin PBXFileReference section */
		6A24E17A2BC2F587007F02E2 /* Characters.swift */ = {isa = PBXFileReference; lastKnownFileType = sourcecode.swift; path = Characters.swift; sourceTree = "<group>"; };
		6A24E17E2BC2F62C007F02E2 /* APIError.swift */ = {isa = PBXFileReference; lastKnownFileType = sourcecode.swift; path = APIError.swift; sourceTree = "<group>"; };
		6A24E1812BC2F816007F02E2 /* GenericAPI.swift */ = {isa = PBXFileReference; lastKnownFileType = sourcecode.swift; path = GenericAPI.swift; sourceTree = "<group>"; };
		6A24E1832BC2FA17007F02E2 /* Client.swift */ = {isa = PBXFileReference; lastKnownFileType = sourcecode.swift; path = Client.swift; sourceTree = "<group>"; };
		6A24E1872BC2FA9C007F02E2 /* HomeViewModel.swift */ = {isa = PBXFileReference; lastKnownFileType = sourcecode.swift; path = HomeViewModel.swift; sourceTree = "<group>"; };
		6A24E18A2BC30011007F02E2 /* HomeView.swift */ = {isa = PBXFileReference; lastKnownFileType = sourcecode.swift; path = HomeView.swift; sourceTree = "<group>"; };
		6A24E18C2BC3D1B0007F02E2 /* HomeViewCell.swift */ = {isa = PBXFileReference; lastKnownFileType = sourcecode.swift; path = HomeViewCell.swift; sourceTree = "<group>"; };
		6A421CD82BE7BE8F007C2229 /* UIImage+Extension.swift */ = {isa = PBXFileReference; lastKnownFileType = sourcecode.swift; path = "UIImage+Extension.swift"; sourceTree = "<group>"; };
		6A53BA222BE7DB0100C52E6D /* LocationView.swift */ = {isa = PBXFileReference; lastKnownFileType = sourcecode.swift; path = LocationView.swift; sourceTree = "<group>"; };
		6A53BA242BE7E8B000C52E6D /* CharactersView.swift */ = {isa = PBXFileReference; lastKnownFileType = sourcecode.swift; path = CharactersView.swift; sourceTree = "<group>"; };
		6A53BA282BE7E93800C52E6D /* EpisodesView.swift */ = {isa = PBXFileReference; lastKnownFileType = sourcecode.swift; path = EpisodesView.swift; sourceTree = "<group>"; };
		6A53BA2A2BE7F09100C52E6D /* LocationDetailView.swift */ = {isa = PBXFileReference; lastKnownFileType = sourcecode.swift; path = LocationDetailView.swift; sourceTree = "<group>"; };
		6A53BA2C2BE805C500C52E6D /* CharactersDetailView.swift */ = {isa = PBXFileReference; lastKnownFileType = sourcecode.swift; path = CharactersDetailView.swift; sourceTree = "<group>"; };
		6A7026482BC2817800136F9F /* RickAndMortyWebMining.app */ = {isa = PBXFileReference; explicitFileType = wrapper.application; includeInIndex = 0; path = RickAndMortyWebMining.app; sourceTree = BUILT_PRODUCTS_DIR; };
		6A70264B2BC2817800136F9F /* RickAndMortyWebMiningApp.swift */ = {isa = PBXFileReference; lastKnownFileType = sourcecode.swift; path = RickAndMortyWebMiningApp.swift; sourceTree = "<group>"; };
		6A70264F2BC2817900136F9F /* Assets.xcassets */ = {isa = PBXFileReference; lastKnownFileType = folder.assetcatalog; path = Assets.xcassets; sourceTree = "<group>"; };
		6A7026522BC2817900136F9F /* Preview Assets.xcassets */ = {isa = PBXFileReference; lastKnownFileType = folder.assetcatalog; path = "Preview Assets.xcassets"; sourceTree = "<group>"; };
		6A70265C2BC281FF00136F9F /* NetworkManager.swift */ = {isa = PBXFileReference; lastKnownFileType = sourcecode.swift; path = NetworkManager.swift; sourceTree = "<group>"; };
		6AD9562D2BE7C69A0089C750 /* Color+Extension.swift */ = {isa = PBXFileReference; lastKnownFileType = sourcecode.swift; path = "Color+Extension.swift"; sourceTree = "<group>"; };
		6AD956332BE7D5150089C750 /* LocationsViewModel.swift */ = {isa = PBXFileReference; lastKnownFileType = sourcecode.swift; path = LocationsViewModel.swift; sourceTree = "<group>"; };
		6AD956352BE7D5FD0089C750 /* Locations.swift */ = {isa = PBXFileReference; lastKnownFileType = sourcecode.swift; path = Locations.swift; sourceTree = "<group>"; };
/* End PBXFileReference section */

/* Begin PBXFrameworksBuildPhase section */
		6A7026452BC2817800136F9F /* Frameworks */ = {
			isa = PBXFrameworksBuildPhase;
			buildActionMask = 2147483647;
			files = (
			);
			runOnlyForDeploymentPostprocessing = 0;
		};
/* End PBXFrameworksBuildPhase section */

/* Begin PBXGroup section */
		6A24E1782BC2F563007F02E2 /* Models */ = {
			isa = PBXGroup;
			children = (
				6A24E17A2BC2F587007F02E2 /* Characters.swift */,
				6AD956352BE7D5FD0089C750 /* Locations.swift */,
			);
			path = Models;
			sourceTree = "<group>";
		};
		6A24E17C2BC2F61F007F02E2 /* Service */ = {
			isa = PBXGroup;
			children = (
				6A24E1802BC2F808007F02E2 /* Network */,
				6A24E17D2BC2F624007F02E2 /* Error */,
			);
			path = Service;
			sourceTree = "<group>";
		};
		6A24E17D2BC2F624007F02E2 /* Error */ = {
			isa = PBXGroup;
			children = (
				6A24E17E2BC2F62C007F02E2 /* APIError.swift */,
			);
			path = Error;
			sourceTree = "<group>";
		};
		6A24E1802BC2F808007F02E2 /* Network */ = {
			isa = PBXGroup;
			children = (
				6A24E1812BC2F816007F02E2 /* GenericAPI.swift */,
				6A24E1832BC2FA17007F02E2 /* Client.swift */,
			);
			path = Network;
			sourceTree = "<group>";
		};
		6A24E1852BC2FA88007F02E2 /* Characters */ = {
			isa = PBXGroup;
			children = (
				6A24E1892BC30007007F02E2 /* View */,
				6A24E1862BC2FA8C007F02E2 /* CharactersViewModel */,
			);
			path = Characters;
			sourceTree = "<group>";
		};
		6A24E1862BC2FA8C007F02E2 /* CharactersViewModel */ = {
			isa = PBXGroup;
			children = (
				6A24E1872BC2FA9C007F02E2 /* HomeViewModel.swift */,
			);
			path = CharactersViewModel;
			sourceTree = "<group>";
		};
		6A24E1892BC30007007F02E2 /* View */ = {
			isa = PBXGroup;
			children = (
				6A24E18A2BC30011007F02E2 /* HomeView.swift */,
				6A24E18C2BC3D1B0007F02E2 /* HomeViewCell.swift */,
				6A53BA242BE7E8B000C52E6D /* CharactersView.swift */,
				6A53BA2C2BE805C500C52E6D /* CharactersDetailView.swift */,
			);
			path = View;
			sourceTree = "<group>";
		};
		6A421CD72BE7BE7F007C2229 /* Extensions */ = {
			isa = PBXGroup;
			children = (
				6A421CD82BE7BE8F007C2229 /* UIImage+Extension.swift */,
				6AD9562D2BE7C69A0089C750 /* Color+Extension.swift */,
			);
			path = Extensions;
			sourceTree = "<group>";
		};
		6A53BA212BE7DAF500C52E6D /* View */ = {
			isa = PBXGroup;
			children = (
				6A53BA222BE7DB0100C52E6D /* LocationView.swift */,
				6A53BA2A2BE7F09100C52E6D /* LocationDetailView.swift */,
			);
			path = View;
			sourceTree = "<group>";
		};
		6A53BA262BE7E92400C52E6D /* Episodes */ = {
			isa = PBXGroup;
			children = (
				6A53BA272BE7E92C00C52E6D /* View */,
			);
			path = Episodes;
			sourceTree = "<group>";
		};
		6A53BA272BE7E92C00C52E6D /* View */ = {
			isa = PBXGroup;
			children = (
				6A53BA282BE7E93800C52E6D /* EpisodesView.swift */,
			);
			path = View;
			sourceTree = "<group>";
		};
		6A70263F2BC2817800136F9F = {
			isa = PBXGroup;
			children = (
				6A70264A2BC2817800136F9F /* RickAndMortyWebMining */,
				6A7026492BC2817800136F9F /* Products */,
			);
			sourceTree = "<group>";
		};
		6A7026492BC2817800136F9F /* Products */ = {
			isa = PBXGroup;
			children = (
				6A7026482BC2817800136F9F /* RickAndMortyWebMining.app */,
			);
			name = Products;
			sourceTree = "<group>";
		};
		6A70264A2BC2817800136F9F /* RickAndMortyWebMining */ = {
			isa = PBXGroup;
			children = (
				6A70265A2BC2818300136F9F /* Helpers */,
				6A7026592BC2817D00136F9F /* Modules */,
				6A70264B2BC2817800136F9F /* RickAndMortyWebMiningApp.swift */,
				6A70264F2BC2817900136F9F /* Assets.xcassets */,
				6A7026512BC2817900136F9F /* Preview Content */,
			);
			path = RickAndMortyWebMining;
			sourceTree = "<group>";
		};
		6A7026512BC2817900136F9F /* Preview Content */ = {
			isa = PBXGroup;
			children = (
				6A7026522BC2817900136F9F /* Preview Assets.xcassets */,
			);
			path = "Preview Content";
			sourceTree = "<group>";
		};
		6A7026592BC2817D00136F9F /* Modules */ = {
			isa = PBXGroup;
			children = (
				6A53BA262BE7E92400C52E6D /* Episodes */,
				6AD956312BE7D5050089C750 /* Locations */,
				6A24E1852BC2FA88007F02E2 /* Characters */,
			);
			path = Modules;
			sourceTree = "<group>";
		};
		6A70265A2BC2818300136F9F /* Helpers */ = {
			isa = PBXGroup;
			children = (
				6A421CD72BE7BE7F007C2229 /* Extensions */,
				6A24E17C2BC2F61F007F02E2 /* Service */,
				6A24E1782BC2F563007F02E2 /* Models */,
				6A70265B2BC281A300136F9F /* Network */,
			);
			path = Helpers;
			sourceTree = "<group>";
		};
		6A70265B2BC281A300136F9F /* Network */ = {
			isa = PBXGroup;
			children = (
				6A70265C2BC281FF00136F9F /* NetworkManager.swift */,
			);
			path = Network;
			sourceTree = "<group>";
		};
		6AD956312BE7D5050089C750 /* Locations */ = {
			isa = PBXGroup;
			children = (
				6A53BA212BE7DAF500C52E6D /* View */,
				6AD956322BE7D50B0089C750 /* ViewModel */,
			);
			path = Locations;
			sourceTree = "<group>";
		};
		6AD956322BE7D50B0089C750 /* ViewModel */ = {
			isa = PBXGroup;
			children = (
				6AD956332BE7D5150089C750 /* LocationsViewModel.swift */,
			);
			path = ViewModel;
			sourceTree = "<group>";
		};
/* End PBXGroup section */

/* Begin PBXNativeTarget section */
		6A7026472BC2817800136F9F /* RickAndMortyWebMining */ = {
			isa = PBXNativeTarget;
			buildConfigurationList = 6A7026562BC2817900136F9F /* Build configuration list for PBXNativeTarget "RickAndMortyWebMining" */;
			buildPhases = (
				6A7026442BC2817800136F9F /* Sources */,
				6A7026452BC2817800136F9F /* Frameworks */,
				6A7026462BC2817800136F9F /* Resources */,
			);
			buildRules = (
			);
			dependencies = (
			);
			name = RickAndMortyWebMining;
			productName = RickAndMortyWebMining;
			productReference = 6A7026482BC2817800136F9F /* RickAndMortyWebMining.app */;
			productType = "com.apple.product-type.application";
		};
/* End PBXNativeTarget section */

/* Begin PBXProject section */
		6A7026402BC2817800136F9F /* Project object */ = {
			isa = PBXProject;
			attributes = {
				BuildIndependentTargetsInParallel = 1;
				LastSwiftUpdateCheck = 1520;
				LastUpgradeCheck = 1520;
				TargetAttributes = {
					6A7026472BC2817800136F9F = {
						CreatedOnToolsVersion = 15.2;
					};
				};
			};
			buildConfigurationList = 6A7026432BC2817800136F9F /* Build configuration list for PBXProject "RickAndMortyWebMining" */;
			compatibilityVersion = "Xcode 14.0";
			developmentRegion = en;
			hasScannedForEncodings = 0;
			knownRegions = (
				en,
				Base,
			);
			mainGroup = 6A70263F2BC2817800136F9F;
			productRefGroup = 6A7026492BC2817800136F9F /* Products */;
			projectDirPath = "";
			projectRoot = "";
			targets = (
				6A7026472BC2817800136F9F /* RickAndMortyWebMining */,
			);
		};
/* End PBXProject section */

/* Begin PBXResourcesBuildPhase section */
		6A7026462BC2817800136F9F /* Resources */ = {
			isa = PBXResourcesBuildPhase;
			buildActionMask = 2147483647;
			files = (
				6A7026532BC2817900136F9F /* Preview Assets.xcassets in Resources */,
				6A7026502BC2817900136F9F /* Assets.xcassets in Resources */,
			);
			runOnlyForDeploymentPostprocessing = 0;
		};
/* End PBXResourcesBuildPhase section */

/* Begin PBXSourcesBuildPhase section */
		6A7026442BC2817800136F9F /* Sources */ = {
			isa = PBXSourcesBuildPhase;
			buildActionMask = 2147483647;
			files = (
				6A53BA2B2BE7F09100C52E6D /* LocationDetailView.swift in Sources */,
				6A24E18B2BC30011007F02E2 /* HomeView.swift in Sources */,
				6A70265D2BC281FF00136F9F /* NetworkManager.swift in Sources */,
				6A24E1842BC2FA17007F02E2 /* Client.swift in Sources */,
				6AD9562E2BE7C69A0089C750 /* Color+Extension.swift in Sources */,
				6A53BA292BE7E93800C52E6D /* EpisodesView.swift in Sources */,
				6A24E1882BC2FA9C007F02E2 /* HomeViewModel.swift in Sources */,
				6A24E1822BC2F816007F02E2 /* GenericAPI.swift in Sources */,
				6AD956362BE7D5FD0089C750 /* Locations.swift in Sources */,
				6A70264C2BC2817800136F9F /* RickAndMortyWebMiningApp.swift in Sources */,
				6AD956342BE7D5150089C750 /* LocationsViewModel.swift in Sources */,
				6A24E17F2BC2F62C007F02E2 /* APIError.swift in Sources */,
				6A421CD92BE7BE8F007C2229 /* UIImage+Extension.swift in Sources */,
				6A53BA252BE7E8B000C52E6D /* CharactersView.swift in Sources */,
				6A53BA232BE7DB0100C52E6D /* LocationView.swift in Sources */,
				6A53BA2D2BE805C500C52E6D /* CharactersDetailView.swift in Sources */,
				6A24E17B2BC2F587007F02E2 /* Characters.swift in Sources */,
				6A24E18D2BC3D1B0007F02E2 /* HomeViewCell.swift in Sources */,
			);
			runOnlyForDeploymentPostprocessing = 0;
		};
/* End PBXSourcesBuildPhase section */

/* Begin XCBuildConfiguration section */
		6A7026542BC2817900136F9F /* Debug */ = {
			isa = XCBuildConfiguration;
			buildSettings = {
				ALWAYS_SEARCH_USER_PATHS = NO;
				ASSETCATALOG_COMPILER_GENERATE_SWIFT_ASSET_SYMBOL_EXTENSIONS = YES;
				CLANG_ANALYZER_NONNULL = YES;
				CLANG_ANALYZER_NUMBER_OBJECT_CONVERSION = YES_AGGRESSIVE;
				CLANG_CXX_LANGUAGE_STANDARD = "gnu++20";
				CLANG_ENABLE_MODULES = YES;
				CLANG_ENABLE_OBJC_ARC = YES;
				CLANG_ENABLE_OBJC_WEAK = YES;
				CLANG_WARN_BLOCK_CAPTURE_AUTORELEASING = YES;
				CLANG_WARN_BOOL_CONVERSION = YES;
				CLANG_WARN_COMMA = YES;
				CLANG_WARN_CONSTANT_CONVERSION = YES;
				CLANG_WARN_DEPRECATED_OBJC_IMPLEMENTATIONS = YES;
				CLANG_WARN_DIRECT_OBJC_ISA_USAGE = YES_ERROR;
				CLANG_WARN_DOCUMENTATION_COMMENTS = YES;
				CLANG_WARN_EMPTY_BODY = YES;
				CLANG_WARN_ENUM_CONVERSION = YES;
				CLANG_WARN_INFINITE_RECURSION = YES;
				CLANG_WARN_INT_CONVERSION = YES;
				CLANG_WARN_NON_LITERAL_NULL_CONVERSION = YES;
				CLANG_WARN_OBJC_IMPLICIT_RETAIN_SELF = YES;
				CLANG_WARN_OBJC_LITERAL_CONVERSION = YES;
				CLANG_WARN_OBJC_ROOT_CLASS = YES_ERROR;
				CLANG_WARN_QUOTED_INCLUDE_IN_FRAMEWORK_HEADER = YES;
				CLANG_WARN_RANGE_LOOP_ANALYSIS = YES;
				CLANG_WARN_STRICT_PROTOTYPES = YES;
				CLANG_WARN_SUSPICIOUS_MOVE = YES;
				CLANG_WARN_UNGUARDED_AVAILABILITY = YES_AGGRESSIVE;
				CLANG_WARN_UNREACHABLE_CODE = YES;
				CLANG_WARN__DUPLICATE_METHOD_MATCH = YES;
				COPY_PHASE_STRIP = NO;
				DEBUG_INFORMATION_FORMAT = dwarf;
				ENABLE_STRICT_OBJC_MSGSEND = YES;
				ENABLE_TESTABILITY = YES;
				ENABLE_USER_SCRIPT_SANDBOXING = YES;
				GCC_C_LANGUAGE_STANDARD = gnu17;
				GCC_DYNAMIC_NO_PIC = NO;
				GCC_NO_COMMON_BLOCKS = YES;
				GCC_OPTIMIZATION_LEVEL = 0;
				GCC_PREPROCESSOR_DEFINITIONS = (
					"DEBUG=1",
					"$(inherited)",
				);
				GCC_WARN_64_TO_32_BIT_CONVERSION = YES;
				GCC_WARN_ABOUT_RETURN_TYPE = YES_ERROR;
				GCC_WARN_UNDECLARED_SELECTOR = YES;
				GCC_WARN_UNINITIALIZED_AUTOS = YES_AGGRESSIVE;
				GCC_WARN_UNUSED_FUNCTION = YES;
				GCC_WARN_UNUSED_VARIABLE = YES;
				IPHONEOS_DEPLOYMENT_TARGET = 17.2;
				LOCALIZATION_PREFERS_STRING_CATALOGS = YES;
				MTL_ENABLE_DEBUG_INFO = INCLUDE_SOURCE;
				MTL_FAST_MATH = YES;
				ONLY_ACTIVE_ARCH = YES;
				SDKROOT = iphoneos;
				SWIFT_ACTIVE_COMPILATION_CONDITIONS = "DEBUG $(inherited)";
				SWIFT_OPTIMIZATION_LEVEL = "-Onone";
			};
			name = Debug;
		};
		6A7026552BC2817900136F9F /* Release */ = {
			isa = XCBuildConfiguration;
			buildSettings = {
				ALWAYS_SEARCH_USER_PATHS = NO;
				ASSETCATALOG_COMPILER_GENERATE_SWIFT_ASSET_SYMBOL_EXTENSIONS = YES;
				CLANG_ANALYZER_NONNULL = YES;
				CLANG_ANALYZER_NUMBER_OBJECT_CONVERSION = YES_AGGRESSIVE;
				CLANG_CXX_LANGUAGE_STANDARD = "gnu++20";
				CLANG_ENABLE_MODULES = YES;
				CLANG_ENABLE_OBJC_ARC = YES;
				CLANG_ENABLE_OBJC_WEAK = YES;
				CLANG_WARN_BLOCK_CAPTURE_AUTORELEASING = YES;
				CLANG_WARN_BOOL_CONVERSION = YES;
				CLANG_WARN_COMMA = YES;
				CLANG_WARN_CONSTANT_CONVERSION = YES;
				CLANG_WARN_DEPRECATED_OBJC_IMPLEMENTATIONS = YES;
				CLANG_WARN_DIRECT_OBJC_ISA_USAGE = YES_ERROR;
				CLANG_WARN_DOCUMENTATION_COMMENTS = YES;
				CLANG_WARN_EMPTY_BODY = YES;
				CLANG_WARN_ENUM_CONVERSION = YES;
				CLANG_WARN_INFINITE_RECURSION = YES;
				CLANG_WARN_INT_CONVERSION = YES;
				CLANG_WARN_NON_LITERAL_NULL_CONVERSION = YES;
				CLANG_WARN_OBJC_IMPLICIT_RETAIN_SELF = YES;
				CLANG_WARN_OBJC_LITERAL_CONVERSION = YES;
				CLANG_WARN_OBJC_ROOT_CLASS = YES_ERROR;
				CLANG_WARN_QUOTED_INCLUDE_IN_FRAMEWORK_HEADER = YES;
				CLANG_WARN_RANGE_LOOP_ANALYSIS = YES;
				CLANG_WARN_STRICT_PROTOTYPES = YES;
				CLANG_WARN_SUSPICIOUS_MOVE = YES;
				CLANG_WARN_UNGUARDED_AVAILABILITY = YES_AGGRESSIVE;
				CLANG_WARN_UNREACHABLE_CODE = YES;
				CLANG_WARN__DUPLICATE_METHOD_MATCH = YES;
				COPY_PHASE_STRIP = NO;
				DEBUG_INFORMATION_FORMAT = "dwarf-with-dsym";
				ENABLE_NS_ASSERTIONS = NO;
				ENABLE_STRICT_OBJC_MSGSEND = YES;
				ENABLE_USER_SCRIPT_SANDBOXING = YES;
				GCC_C_LANGUAGE_STANDARD = gnu17;
				GCC_NO_COMMON_BLOCKS = YES;
				GCC_WARN_64_TO_32_BIT_CONVERSION = YES;
				GCC_WARN_ABOUT_RETURN_TYPE = YES_ERROR;
				GCC_WARN_UNDECLARED_SELECTOR = YES;
				GCC_WARN_UNINITIALIZED_AUTOS = YES_AGGRESSIVE;
				GCC_WARN_UNUSED_FUNCTION = YES;
				GCC_WARN_UNUSED_VARIABLE = YES;
				IPHONEOS_DEPLOYMENT_TARGET = 17.2;
				LOCALIZATION_PREFERS_STRING_CATALOGS = YES;
				MTL_ENABLE_DEBUG_INFO = NO;
				MTL_FAST_MATH = YES;
				SDKROOT = iphoneos;
				SWIFT_COMPILATION_MODE = wholemodule;
				VALIDATE_PRODUCT = YES;
			};
			name = Release;
		};
		6A7026572BC2817900136F9F /* Debug */ = {
			isa = XCBuildConfiguration;
			buildSettings = {
				ASSETCATALOG_COMPILER_APPICON_NAME = AppIcon;
				ASSETCATALOG_COMPILER_GLOBAL_ACCENT_COLOR_NAME = AccentColor;
				CODE_SIGN_STYLE = Automatic;
				CURRENT_PROJECT_VERSION = 1;
				DEVELOPMENT_ASSET_PATHS = "\"RickAndMortyWebMining/Preview Content\"";
				DEVELOPMENT_TEAM = Y5JW4F4D62;
				ENABLE_PREVIEWS = YES;
				GENERATE_INFOPLIST_FILE = YES;
				INFOPLIST_KEY_UIApplicationSceneManifest_Generation = YES;
				INFOPLIST_KEY_UIApplicationSupportsIndirectInputEvents = YES;
				INFOPLIST_KEY_UILaunchScreen_Generation = YES;
				INFOPLIST_KEY_UISupportedInterfaceOrientations_iPad = "UIInterfaceOrientationPortrait UIInterfaceOrientationPortraitUpsideDown UIInterfaceOrientationLandscapeLeft UIInterfaceOrientationLandscapeRight";
				INFOPLIST_KEY_UISupportedInterfaceOrientations_iPhone = "UIInterfaceOrientationPortrait UIInterfaceOrientationLandscapeLeft UIInterfaceOrientationLandscapeRight";
				LD_RUNPATH_SEARCH_PATHS = (
					"$(inherited)",
					"@executable_path/Frameworks",
				);
				MARKETING_VERSION = 1.0;
				PRODUCT_BUNDLE_IDENTIFIER = elifbilgeparlak.RickAndMortyWebMining;
				PRODUCT_NAME = "$(TARGET_NAME)";
				SWIFT_EMIT_LOC_STRINGS = YES;
				SWIFT_VERSION = 5.0;
				TARGETED_DEVICE_FAMILY = "1,2";
			};
			name = Debug;
		};
		6A7026582BC2817900136F9F /* Release */ = {
			isa = XCBuildConfiguration;
			buildSettings = {
				ASSETCATALOG_COMPILER_APPICON_NAME = AppIcon;
				ASSETCATALOG_COMPILER_GLOBAL_ACCENT_COLOR_NAME = AccentColor;
				CODE_SIGN_STYLE = Automatic;
				CURRENT_PROJECT_VERSION = 1;
				DEVELOPMENT_ASSET_PATHS = "\"RickAndMortyWebMining/Preview Content\"";
				DEVELOPMENT_TEAM = Y5JW4F4D62;
				ENABLE_PREVIEWS = YES;
				GENERATE_INFOPLIST_FILE = YES;
				INFOPLIST_KEY_UIApplicationSceneManifest_Generation = YES;
				INFOPLIST_KEY_UIApplicationSupportsIndirectInputEvents = YES;
				INFOPLIST_KEY_UILaunchScreen_Generation = YES;
				INFOPLIST_KEY_UISupportedInterfaceOrientations_iPad = "UIInterfaceOrientationPortrait UIInterfaceOrientationPortraitUpsideDown UIInterfaceOrientationLandscapeLeft UIInterfaceOrientationLandscapeRight";
				INFOPLIST_KEY_UISupportedInterfaceOrientations_iPhone = "UIInterfaceOrientationPortrait UIInterfaceOrientationLandscapeLeft UIInterfaceOrientationLandscapeRight";
				LD_RUNPATH_SEARCH_PATHS = (
					"$(inherited)",
					"@executable_path/Frameworks",
				);
				MARKETING_VERSION = 1.0;
				PRODUCT_BUNDLE_IDENTIFIER = elifbilgeparlak.RickAndMortyWebMining;
				PRODUCT_NAME = "$(TARGET_NAME)";
				SWIFT_EMIT_LOC_STRINGS = YES;
				SWIFT_VERSION = 5.0;
				TARGETED_DEVICE_FAMILY = "1,2";
			};
			name = Release;
		};
/* End XCBuildConfiguration section */

/* Begin XCConfigurationList section */
		6A7026432BC2817800136F9F /* Build configuration list for PBXProject "RickAndMortyWebMining" */ = {
			isa = XCConfigurationList;
			buildConfigurations = (
				6A7026542BC2817900136F9F /* Debug */,
				6A7026552BC2817900136F9F /* Release */,
			);
			defaultConfigurationIsVisible = 0;
			defaultConfigurationName = Release;
		};
		6A7026562BC2817900136F9F /* Build configuration list for PBXNativeTarget "RickAndMortyWebMining" */ = {
			isa = XCConfigurationList;
			buildConfigurations = (
				6A7026572BC2817900136F9F /* Debug */,
				6A7026582BC2817900136F9F /* Release */,
			);
			defaultConfigurationIsVisible = 0;
			defaultConfigurationName = Release;
		};
/* End XCConfigurationList section */
	};
	rootObject = 6A7026402BC2817800136F9F /* Project object */;
}
